{
	"name": "compare-variants",
	"version": "1.2.6",
	"lockfileVersion": 2,
	"requires": true,
	"packages": {
		"": {
			"name": "compare-variants",
			"version": "1.2.6",
			"dependencies": {
				"luucy-types": "github:luucyadmin/luucy-types#next/primary-button"
			},
			"devDependencies": {
				"typescript": "^4.6.3"
			}
		},
		"node_modules/luucy-types": {
			"version": "10.20.8",
			"resolved": "git+ssh://git@github.com/luucyadmin/luucy-types.git#f8c2392ed000f76a73369a13924cf390562d7dcf",
			"hasInstallScript": true
		},
		"node_modules/typescript": {
			"version": "4.6.3",
			"resolved": "https://registry.npmjs.org/typescript/-/typescript-4.6.3.tgz",
			"integrity": "sha512-yNIatDa5iaofVozS/uQJEl3JRWLKKGJKh6Yaiv0GLGSuhpFJe7P3SbHZ8/yjAHRQwKRoA6YZqlfjXWmVzoVSMw==",
			"dev": true,
			"bin": {
				"tsc": "bin/tsc",
				"tsserver": "bin/tsserver"
			},
			"engines": {
				"node": ">=4.2.0"
			}
		}
	},
	"dependencies": {
		"luucy-types": {
			"version": "git+ssh://git@github.com/luucyadmin/luucy-types.git#f8c2392ed000f76a73369a13924cf390562d7dcf",
			"from": "luucy-types@github:luucyadmin/luucy-types#next/primary-button"
		},
		"typescript": {
			"version": "4.6.3",
			"resolved": "https://registry.npmjs.org/typescript/-/typescript-4.6.3.tgz",
			"integrity": "sha512-yNIatDa5iaofVozS/uQJEl3JRWLKKGJKh6Yaiv0GLGSuhpFJe7P3SbHZ8/yjAHRQwKRoA6YZqlfjXWmVzoVSMw==",
			"dev": true
		}
	}
}
