{
	"name": "kennzahlen",
	"version": "1.2.14",
	"lockfileVersion": 3,
	"requires": true,
	"packages": {
		"": {
			"name": "kennzahlen",
			"version": "1.2.14",
			"dependencies": {
				"luucy-types": "github:luucyadmin/luucy-types#next/building2-onboarding"
			},
			"devDependencies": {
				"typescript": "^4.9.3"
			}
		},
		"node_modules/luucy-types": {
			"version": "10.21.3",
			"resolved": "git+ssh://git@github.com/luucyadmin/luucy-types.git#26e745092299853078b517d5bb206bb7610a14b1",
			"hasInstallScript": true
		},
		"node_modules/typescript": {
			"version": "4.9.5",
			"resolved": "https://registry.npmjs.org/typescript/-/typescript-4.9.5.tgz",
			"integrity": "sha512-1FXk9E2Hm+QzZQ7z+McJiHL4NW1F2EzMu9Nq9i3zAaGqibafqYwCVU6WyWAuyQRRzOlxou8xZSyXLEN8oKj24g==",
			"dev": true,
			"bin": {
				"tsc": "bin/tsc",
				"tsserver": "bin/tsserver"
			},
			"engines": {
				"node": ">=4.2.0"
			}
		}
	}
}
